
Microsoft Visual Studio Solution File, Format Version 12.00
# Visual Studio Version 17
VisualStudioVersion = 17.2.32630.192
MinimumVisualStudioVersion = 10.0.40219.1
Project("{9A19103F-16F7-4668-BE54-9A1E7A4F7556}") = "DemoMyWebAPI", "DemoMyWebAPI\DemoMyWebAPI.csproj", "{75C69A89-01F1-4BBC-A0D7-AE335A49913C}"
EndProject
Project("{FAE04EC0-301F-11D3-BF4B-00C04F79EFBC}") = "ConsumeWebAPI", "ConsumeWebAPI\ConsumeWebAPI.csproj", "{BEE500E1-5C61-45AA-BC8E-E6CED8DDEFC8}"
EndProject
Project("{FAE04EC0-301F-11D3-BF4B-00C04F79EFBC}") = "APIGateway", "APIGateway\APIGateway.csproj", "{E6B1000B-AD9E-4ABA-B093-E9034A25F20A}"
EndProject
Global
	GlobalSection(SolutionConfigurationPlatforms) = preSolution
		Debug|Any CPU = Debug|Any CPU
		Release|Any CPU = Release|Any CPU
	EndGlobalSection
	GlobalSection(ProjectConfigurationPlatforms) = postSolution
		{75C69A89-01F1-4BBC-A0D7-AE335A49913C}.Debug|Any CPU.ActiveCfg = Debug|Any CPU
		{75C69A89-01F1-4BBC-A0D7-AE335A49913C}.Debug|Any CPU.Build.0 = Debug|Any CPU
		{75C69A89-01F1-4BBC-A0D7-AE335A49913C}.Release|Any CPU.ActiveCfg = Release|Any CPU
		{75C69A89-01F1-4BBC-A0D7-AE335A49913C}.Release|Any CPU.Build.0 = Release|Any CPU
		{BEE500E1-5C61-45AA-BC8E-E6CED8DDEFC8}.Debug|Any CPU.ActiveCfg = Debug|Any CPU
		{BEE500E1-5C61-45AA-BC8E-E6CED8DDEFC8}.Debug|Any CPU.Build.0 = Debug|Any CPU
		{BEE500E1-5C61-45AA-BC8E-E6CED8DDEFC8}.Release|Any CPU.ActiveCfg = Release|Any CPU
		{BEE500E1-5C61-45AA-BC8E-E6CED8DDEFC8}.Release|Any CPU.Build.0 = Release|Any CPU
		{E6B1000B-AD9E-4ABA-B093-E9034A25F20A}.Debug|Any CPU.ActiveCfg = Debug|Any CPU
		{E6B1000B-AD9E-4ABA-B093-E9034A25F20A}.Debug|Any CPU.Build.0 = Debug|Any CPU
		{E6B1000B-AD9E-4ABA-B093-E9034A25F20A}.Release|Any CPU.ActiveCfg = Release|Any CPU
		{E6B1000B-AD9E-4ABA-B093-E9034A25F20A}.Release|Any CPU.Build.0 = Release|Any CPU
	EndGlobalSection
	GlobalSection(SolutionProperties) = preSolution
		HideSolutionNode = FALSE
	EndGlobalSection
	GlobalSection(ExtensibilityGlobals) = postSolution
		SolutionGuid = {D772F1EB-F583-4D58-9F88-D131908BCB7F}
	EndGlobalSection
EndGlobal
